// !$*UTF8*$!
{
	archiveVersion = 1;
	classes = {
	};
	objectVersion = 56;
	objects = {

/* Begin PBXBuildFile section */
		75C2FD5E2D72A1A500492B45 /* Crowd Noise.mp3 in Resources */ = {isa = PBXBuildFile; fileRef = 75C2FD5D2D72A1A500492B45 /* Crowd Noise.mp3 */; };
		75C2FD642D72BC3300492B45 /* HOME RUN CELEBRATION.mp3 in Resources */ = {isa = PBXBuildFile; fileRef = 75C2FD632D72BC3300492B45 /* HOME RUN CELEBRATION.mp3 */; };
		75C2FD662D741B0C00492B45 /* CLOUD.mp4 in Resources */ = {isa = PBXBuildFile; fileRef = 75C2FD652D741B0C00492B45 /* CLOUD.mp4 */; };
		75C2FD6C2D7BA98600492B45 /* Gif Extension.swift in Sources */ = {isa = PBXBuildFile; fileRef = 75C2FD6B2D7BA98600492B45 /* Gif Extension.swift */; };
		75C2FD6F2D7BAFE700492B45 /* FLAnimatedImage in Frameworks */ = {isa = PBXBuildFile; productRef = 75C2FD6E2D7BAFE700492B45 /* FLAnimatedImage */; };
		75C2FD712D7CB54400492B45 /* HomeRunCelebration.gif in Resources */ = {isa = PBXBuildFile; fileRef = 75C2FD702D7CB54400492B45 /* HomeRunCelebration.gif */; };
		75F1375F2D7CC9CA00A13752 /* yolo11s.mlpackage in Sources */ = {isa = PBXBuildFile; fileRef = 75F1375E2D7CC9CA00A13752 /* yolo11s.mlpackage */; };
		75F308542D728A540001F370 /* GearedSlab-Light.ttf in Resources */ = {isa = PBXBuildFile; fileRef = 75F308502D728A540001F370 /* GearedSlab-Light.ttf */; };
		75F308552D728A540001F370 /* GearedSlab-Bold.ttf in Resources */ = {isa = PBXBuildFile; fileRef = 75F308512D728A540001F370 /* GearedSlab-Bold.ttf */; };
		75F308562D728A540001F370 /* GearedSlab.ttf in Resources */ = {isa = PBXBuildFile; fileRef = 75F308522D728A540001F370 /* GearedSlab.ttf */; };
		75F308572D728A540001F370 /* Fenway Park JF Regular.ttf in Resources */ = {isa = PBXBuildFile; fileRef = 75F308532D728A540001F370 /* Fenway Park JF Regular.ttf */; };
		75F3085A2D72990C0001F370 /* Menu Music.mp3 in Resources */ = {isa = PBXBuildFile; fileRef = 75F308592D72990C0001F370 /* Menu Music.mp3 */; };
		75F3085D2D729A780001F370 /* Button Noise.mp3 in Resources */ = {isa = PBXBuildFile; fileRef = 75F3085C2D729A780001F370 /* Button Noise.mp3 */; };
		F9014B212D0FC57A0082F4D4 /* Dingers.swift in Sources */ = {isa = PBXBuildFile; fileRef = F9014B202D0FC57A0082F4D4 /* Dingers.swift */; };
		F9014B232D0FC57A0082F4D4 /* ContentView.swift in Sources */ = {isa = PBXBuildFile; fileRef = F9014B222D0FC57A0082F4D4 /* ContentView.swift */; };
		F9014B252D0FC57B0082F4D4 /* Assets.xcassets in Resources */ = {isa = PBXBuildFile; fileRef = F9014B242D0FC57B0082F4D4 /* Assets.xcassets */; };
		F9014B282D0FC57B0082F4D4 /* Preview Assets.xcassets in Resources */ = {isa = PBXBuildFile; fileRef = F9014B272D0FC57B0082F4D4 /* Preview Assets.xcassets */; };
		F9014B322D0FC57B0082F4D4 /* Dingers_PrototypeTests.swift in Sources */ = {isa = PBXBuildFile; fileRef = F9014B312D0FC57B0082F4D4 /* Dingers_PrototypeTests.swift */; };
		F9014B3C2D0FC57B0082F4D4 /* Dingers_PrototypeUITests.swift in Sources */ = {isa = PBXBuildFile; fileRef = F9014B3B2D0FC57B0082F4D4 /* Dingers_PrototypeUITests.swift */; };
		F9014B3E2D0FC57B0082F4D4 /* Dingers_PrototypeUITestsLaunchTests.swift in Sources */ = {isa = PBXBuildFile; fileRef = F9014B3D2D0FC57B0082F4D4 /* Dingers_PrototypeUITestsLaunchTests.swift */; };
		F96508852D126BFF003650F1 /* yolov8s.mlpackage in Sources */ = {isa = PBXBuildFile; fileRef = F96508842D126BFF003650F1 /* yolov8s.mlpackage */; };
/* End PBXBuildFile section */

/* Begin PBXContainerItemProxy section */
		F9014B2E2D0FC57B0082F4D4 /* PBXContainerItemProxy */ = {
			isa = PBXContainerItemProxy;
			containerPortal = F9014B152D0FC57A0082F4D4 /* Project object */;
			proxyType = 1;
			remoteGlobalIDString = F9014B1C2D0FC57A0082F4D4;
			remoteInfo = "Dingers Prototype";
		};
		F9014B382D0FC57B0082F4D4 /* PBXContainerItemProxy */ = {
			isa = PBXContainerItemProxy;
			containerPortal = F9014B152D0FC57A0082F4D4 /* Project object */;
			proxyType = 1;
			remoteGlobalIDString = F9014B1C2D0FC57A0082F4D4;
			remoteInfo = "Dingers Prototype";
		};
/* End PBXContainerItemProxy section */

/* Begin PBXFileReference section */
		75C2FD5D2D72A1A500492B45 /* Crowd Noise.mp3 */ = {isa = PBXFileReference; lastKnownFileType = audio.mp3; path = "Crowd Noise.mp3"; sourceTree = "<group>"; };
		75C2FD632D72BC3300492B45 /* HOME RUN CELEBRATION.mp3 */ = {isa = PBXFileReference; lastKnownFileType = audio.mp3; path = "HOME RUN CELEBRATION.mp3"; sourceTree = "<group>"; };
		75C2FD652D741B0C00492B45 /* CLOUD.mp4 */ = {isa = PBXFileReference; lastKnownFileType = file; path = CLOUD.mp4; sourceTree = "<group>"; };
		75C2FD6B2D7BA98600492B45 /* Gif Extension.swift */ = {isa = PBXFileReference; lastKnownFileType = sourcecode.swift; path = "Gif Extension.swift"; sourceTree = "<group>"; };
		75C2FD702D7CB54400492B45 /* HomeRunCelebration.gif */ = {isa = PBXFileReference; lastKnownFileType = image.gif; name = HomeRunCelebration.gif; path = "Dingers Prototype/HomeRunCelebration.dataset 17-25-23-390.dataset/HomeRunCelebration.gif"; sourceTree = "<group>"; };
		75F1375E2D7CC9CA00A13752 /* yolo11s.mlpackage */ = {isa = PBXFileReference; lastKnownFileType = folder.mlpackage; path = yolo11s.mlpackage; sourceTree = "<group>"; };
		75F3084F2D7286AE0001F370 /* Dingers-Prototype-Info.plist */ = {isa = PBXFileReference; lastKnownFileType = text.plist; path = "Dingers-Prototype-Info.plist"; sourceTree = SOURCE_ROOT; };
		75F308502D728A540001F370 /* GearedSlab-Light.ttf */ = {isa = PBXFileReference; lastKnownFileType = file; path = "GearedSlab-Light.ttf"; sourceTree = "<group>"; };
		75F308512D728A540001F370 /* GearedSlab-Bold.ttf */ = {isa = PBXFileReference; lastKnownFileType = file; path = "GearedSlab-Bold.ttf"; sourceTree = "<group>"; };
		75F308522D728A540001F370 /* GearedSlab.ttf */ = {isa = PBXFileReference; lastKnownFileType = file; path = GearedSlab.ttf; sourceTree = "<group>"; };
		75F308532D728A540001F370 /* Fenway Park JF Regular.ttf */ = {isa = PBXFileReference; lastKnownFileType = file; path = "Fenway Park JF Regular.ttf"; sourceTree = "<group>"; };
		75F308592D72990C0001F370 /* Menu Music.mp3 */ = {isa = PBXFileReference; lastKnownFileType = audio.mp3; path = "Menu Music.mp3"; sourceTree = "<group>"; };
		75F3085C2D729A780001F370 /* Button Noise.mp3 */ = {isa = PBXFileReference; lastKnownFileType = audio.mp3; path = "Button Noise.mp3"; sourceTree = "<group>"; };
		F9014B1D2D0FC57A0082F4D4 /* Dingers Prototype.app */ = {isa = PBXFileReference; explicitFileType = wrapper.application; includeInIndex = 0; path = "Dingers Prototype.app"; sourceTree = BUILT_PRODUCTS_DIR; };
		F9014B202D0FC57A0082F4D4 /* Dingers.swift */ = {isa = PBXFileReference; lastKnownFileType = sourcecode.swift; path = Dingers.swift; sourceTree = "<group>"; };
		F9014B222D0FC57A0082F4D4 /* ContentView.swift */ = {isa = PBXFileReference; lastKnownFileType = sourcecode.swift; path = ContentView.swift; sourceTree = "<group>"; };
		F9014B242D0FC57B0082F4D4 /* Assets.xcassets */ = {isa = PBXFileReference; lastKnownFileType = folder.assetcatalog; path = Assets.xcassets; sourceTree = "<group>"; };
		F9014B272D0FC57B0082F4D4 /* Preview Assets.xcassets */ = {isa = PBXFileReference; lastKnownFileType = folder.assetcatalog; path = "Preview Assets.xcassets"; sourceTree = "<group>"; };
		F9014B2D2D0FC57B0082F4D4 /* Dingers PrototypeTests.xctest */ = {isa = PBXFileReference; explicitFileType = wrapper.cfbundle; includeInIndex = 0; path = "Dingers PrototypeTests.xctest"; sourceTree = BUILT_PRODUCTS_DIR; };
		F9014B312D0FC57B0082F4D4 /* Dingers_PrototypeTests.swift */ = {isa = PBXFileReference; lastKnownFileType = sourcecode.swift; path = Dingers_PrototypeTests.swift; sourceTree = "<group>"; };
		F9014B372D0FC57B0082F4D4 /* Dingers PrototypeUITests.xctest */ = {isa = PBXFileReference; explicitFileType = wrapper.cfbundle; includeInIndex = 0; path = "Dingers PrototypeUITests.xctest"; sourceTree = BUILT_PRODUCTS_DIR; };
		F9014B3B2D0FC57B0082F4D4 /* Dingers_PrototypeUITests.swift */ = {isa = PBXFileReference; lastKnownFileType = sourcecode.swift; path = Dingers_PrototypeUITests.swift; sourceTree = "<group>"; };
		F9014B3D2D0FC57B0082F4D4 /* Dingers_PrototypeUITestsLaunchTests.swift */ = {isa = PBXFileReference; lastKnownFileType = sourcecode.swift; path = Dingers_PrototypeUITestsLaunchTests.swift; sourceTree = "<group>"; };
		F96508842D126BFF003650F1 /* yolov8s.mlpackage */ = {isa = PBXFileReference; lastKnownFileType = folder.mlpackage; path = yolov8s.mlpackage; sourceTree = "<group>"; };
/* End PBXFileReference section */

/* Begin PBXFrameworksBuildPhase section */
		F9014B1A2D0FC57A0082F4D4 /* Frameworks */ = {
			isa = PBXFrameworksBuildPhase;
			buildActionMask = 2147483647;
			files = (
				75C2FD6F2D7BAFE700492B45 /* FLAnimatedImage in Frameworks */,
			);
			runOnlyForDeploymentPostprocessing = 0;
		};
		F9014B2A2D0FC57B0082F4D4 /* Frameworks */ = {
			isa = PBXFrameworksBuildPhase;
			buildActionMask = 2147483647;
			files = (
			);
			runOnlyForDeploymentPostprocessing = 0;
		};
		F9014B342D0FC57B0082F4D4 /* Frameworks */ = {
			isa = PBXFrameworksBuildPhase;
			buildActionMask = 2147483647;
			files = (
			);
			runOnlyForDeploymentPostprocessing = 0;
		};
/* End PBXFrameworksBuildPhase section */

/* Begin PBXGroup section */
		75F308582D728A5C0001F370 /* Fonts */ = {
			isa = PBXGroup;
			children = (
				75F308532D728A540001F370 /* Fenway Park JF Regular.ttf */,
				75F308512D728A540001F370 /* GearedSlab-Bold.ttf */,
				75F308502D728A540001F370 /* GearedSlab-Light.ttf */,
				75F308522D728A540001F370 /* GearedSlab.ttf */,
			);
			path = Fonts;
			sourceTree = "<group>";
		};
		75F3085B2D729A6A0001F370 /* Music */ = {
			isa = PBXGroup;
			children = (
				75F308592D72990C0001F370 /* Menu Music.mp3 */,
				75C2FD5D2D72A1A500492B45 /* Crowd Noise.mp3 */,
				75F3085C2D729A780001F370 /* Button Noise.mp3 */,
				75C2FD632D72BC3300492B45 /* HOME RUN CELEBRATION.mp3 */,
			);
			path = Music;
			sourceTree = "<group>";
		};
		F9014B142D0FC57A0082F4D4 = {
			isa = PBXGroup;
			children = (
				75C2FD702D7CB54400492B45 /* HomeRunCelebration.gif */,
				F9014B1F2D0FC57A0082F4D4 /* Dingers Prototype */,
				F9014B302D0FC57B0082F4D4 /* Dingers PrototypeTests */,
				F9014B3A2D0FC57B0082F4D4 /* Dingers PrototypeUITests */,
				F9014B1E2D0FC57A0082F4D4 /* Products */,
			);
			sourceTree = "<group>";
		};
		F9014B1E2D0FC57A0082F4D4 /* Products */ = {
			isa = PBXGroup;
			children = (
				F9014B1D2D0FC57A0082F4D4 /* Dingers Prototype.app */,
				F9014B2D2D0FC57B0082F4D4 /* Dingers PrototypeTests.xctest */,
				F9014B372D0FC57B0082F4D4 /* Dingers PrototypeUITests.xctest */,
			);
			name = Products;
			sourceTree = "<group>";
		};
		F9014B1F2D0FC57A0082F4D4 /* Dingers Prototype */ = {
			isa = PBXGroup;
			children = (
				75C2FD652D741B0C00492B45 /* CLOUD.mp4 */,
				75F308582D728A5C0001F370 /* Fonts */,
				75F3085B2D729A6A0001F370 /* Music */,
				75F3084F2D7286AE0001F370 /* Dingers-Prototype-Info.plist */,
				F96508842D126BFF003650F1 /* yolov8s.mlpackage */,
				75F1375E2D7CC9CA00A13752 /* yolo11s.mlpackage */,
				F9014B202D0FC57A0082F4D4 /* Dingers.swift */,
				F9014B222D0FC57A0082F4D4 /* ContentView.swift */,
				75C2FD6B2D7BA98600492B45 /* Gif Extension.swift */,
				F9014B242D0FC57B0082F4D4 /* Assets.xcassets */,
				F9014B262D0FC57B0082F4D4 /* Preview Content */,
			);
			path = "Dingers Prototype";
			sourceTree = "<group>";
		};
		F9014B262D0FC57B0082F4D4 /* Preview Content */ = {
			isa = PBXGroup;
			children = (
				F9014B272D0FC57B0082F4D4 /* Preview Assets.xcassets */,
			);
			path = "Preview Content";
			sourceTree = "<group>";
		};
		F9014B302D0FC57B0082F4D4 /* Dingers PrototypeTests */ = {
			isa = PBXGroup;
			children = (
				F9014B312D0FC57B0082F4D4 /* Dingers_PrototypeTests.swift */,
			);
			path = "Dingers PrototypeTests";
			sourceTree = "<group>";
		};
		F9014B3A2D0FC57B0082F4D4 /* Dingers PrototypeUITests */ = {
			isa = PBXGroup;
			children = (
				F9014B3B2D0FC57B0082F4D4 /* Dingers_PrototypeUITests.swift */,
				F9014B3D2D0FC57B0082F4D4 /* Dingers_PrototypeUITestsLaunchTests.swift */,
			);
			path = "Dingers PrototypeUITests";
			sourceTree = "<group>";
		};
/* End PBXGroup section */

/* Begin PBXNativeTarget section */
		F9014B1C2D0FC57A0082F4D4 /* Dingers Prototype */ = {
			isa = PBXNativeTarget;
			buildConfigurationList = F9014B412D0FC57B0082F4D4 /* Build configuration list for PBXNativeTarget "Dingers Prototype" */;
			buildPhases = (
				F9014B192D0FC57A0082F4D4 /* Sources */,
				F9014B1A2D0FC57A0082F4D4 /* Frameworks */,
				F9014B1B2D0FC57A0082F4D4 /* Resources */,
			);
			buildRules = (
			);
			dependencies = (
			);
			name = "Dingers Prototype";
			packageProductDependencies = (
				75C2FD6E2D7BAFE700492B45 /* FLAnimatedImage */,
			);
			productName = "Dingers Prototype";
			productReference = F9014B1D2D0FC57A0082F4D4 /* Dingers Prototype.app */;
			productType = "com.apple.product-type.application";
		};
		F9014B2C2D0FC57B0082F4D4 /* Dingers PrototypeTests */ = {
			isa = PBXNativeTarget;
			buildConfigurationList = F9014B442D0FC57B0082F4D4 /* Build configuration list for PBXNativeTarget "Dingers PrototypeTests" */;
			buildPhases = (
				F9014B292D0FC57B0082F4D4 /* Sources */,
				F9014B2A2D0FC57B0082F4D4 /* Frameworks */,
				F9014B2B2D0FC57B0082F4D4 /* Resources */,
			);
			buildRules = (
			);
			dependencies = (
				F9014B2F2D0FC57B0082F4D4 /* PBXTargetDependency */,
			);
			name = "Dingers PrototypeTests";
			productName = "Dingers PrototypeTests";
			productReference = F9014B2D2D0FC57B0082F4D4 /* Dingers PrototypeTests.xctest */;
			productType = "com.apple.product-type.bundle.unit-test";
		};
		F9014B362D0FC57B0082F4D4 /* Dingers PrototypeUITests */ = {
			isa = PBXNativeTarget;
			buildConfigurationList = F9014B472D0FC57B0082F4D4 /* Build configuration list for PBXNativeTarget "Dingers PrototypeUITests" */;
			buildPhases = (
				F9014B332D0FC57B0082F4D4 /* Sources */,
				F9014B342D0FC57B0082F4D4 /* Frameworks */,
				F9014B352D0FC57B0082F4D4 /* Resources */,
			);
			buildRules = (
			);
			dependencies = (
				F9014B392D0FC57B0082F4D4 /* PBXTargetDependency */,
			);
			name = "Dingers PrototypeUITests";
			productName = "Dingers PrototypeUITests";
			productReference = F9014B372D0FC57B0082F4D4 /* Dingers PrototypeUITests.xctest */;
			productType = "com.apple.product-type.bundle.ui-testing";
		};
/* End PBXNativeTarget section */

/* Begin PBXProject section */
		F9014B152D0FC57A0082F4D4 /* Project object */ = {
			isa = PBXProject;
			attributes = {
				BuildIndependentTargetsInParallel = 1;
				LastSwiftUpdateCheck = 1430;
				LastUpgradeCheck = 1620;
				TargetAttributes = {
					F9014B1C2D0FC57A0082F4D4 = {
						CreatedOnToolsVersion = 14.3.1;
					};
					F9014B2C2D0FC57B0082F4D4 = {
						CreatedOnToolsVersion = 14.3.1;
						TestTargetID = F9014B1C2D0FC57A0082F4D4;
					};
					F9014B362D0FC57B0082F4D4 = {
						CreatedOnToolsVersion = 14.3.1;
						TestTargetID = F9014B1C2D0FC57A0082F4D4;
					};
				};
			};
			buildConfigurationList = F9014B182D0FC57A0082F4D4 /* Build configuration list for PBXProject "Dingers Prototype" */;
			compatibilityVersion = "Xcode 14.0";
			developmentRegion = en;
			hasScannedForEncodings = 0;
			knownRegions = (
				en,
				Base,
			);
			mainGroup = F9014B142D0FC57A0082F4D4;
			packageReferences = (
				75C2FD6D2D7BAFBB00492B45 /* XCRemoteSwiftPackageReference "FLAnimatedImage" */,
			);
			productRefGroup = F9014B1E2D0FC57A0082F4D4 /* Products */;
			projectDirPath = "";
			projectRoot = "";
			targets = (
				F9014B1C2D0FC57A0082F4D4 /* Dingers Prototype */,
				F9014B2C2D0FC57B0082F4D4 /* Dingers PrototypeTests */,
				F9014B362D0FC57B0082F4D4 /* Dingers PrototypeUITests */,
			);
		};
/* End PBXProject section */

/* Begin PBXResourcesBuildPhase section */
		F9014B1B2D0FC57A0082F4D4 /* Resources */ = {
			isa = PBXResourcesBuildPhase;
			buildActionMask = 2147483647;
			files = (
				75F3085D2D729A780001F370 /* Button Noise.mp3 in Resources */,
				F9014B282D0FC57B0082F4D4 /* Preview Assets.xcassets in Resources */,
				75C2FD5E2D72A1A500492B45 /* Crowd Noise.mp3 in Resources */,
				F9014B252D0FC57B0082F4D4 /* Assets.xcassets in Resources */,
				75F308542D728A540001F370 /* GearedSlab-Light.ttf in Resources */,
				75F308562D728A540001F370 /* GearedSlab.ttf in Resources */,
				75F308572D728A540001F370 /* Fenway Park JF Regular.ttf in Resources */,
				75C2FD662D741B0C00492B45 /* CLOUD.mp4 in Resources */,
				75F308552D728A540001F370 /* GearedSlab-Bold.ttf in Resources */,
				75F3085A2D72990C0001F370 /* Menu Music.mp3 in Resources */,
				75C2FD642D72BC3300492B45 /* HOME RUN CELEBRATION.mp3 in Resources */,
				75C2FD712D7CB54400492B45 /* HomeRunCelebration.gif in Resources */,
			);
			runOnlyForDeploymentPostprocessing = 0;
		};
		F9014B2B2D0FC57B0082F4D4 /* Resources */ = {
			isa = PBXResourcesBuildPhase;
			buildActionMask = 2147483647;
			files = (
			);
			runOnlyForDeploymentPostprocessing = 0;
		};
		F9014B352D0FC57B0082F4D4 /* Resources */ = {
			isa = PBXResourcesBuildPhase;
			buildActionMask = 2147483647;
			files = (
			);
			runOnlyForDeploymentPostprocessing = 0;
		};
/* End PBXResourcesBuildPhase section */

/* Begin PBXSourcesBuildPhase section */
		F9014B192D0FC57A0082F4D4 /* Sources */ = {
			isa = PBXSourcesBuildPhase;
			buildActionMask = 2147483647;
			files = (
				75C2FD6C2D7BA98600492B45 /* Gif Extension.swift in Sources */,
				F96508852D126BFF003650F1 /* yolov8s.mlpackage in Sources */,
				F9014B232D0FC57A0082F4D4 /* ContentView.swift in Sources */,
				75F1375F2D7CC9CA00A13752 /* yolo11s.mlpackage in Sources */,
				F9014B212D0FC57A0082F4D4 /* Dingers.swift in Sources */,
			);
			runOnlyForDeploymentPostprocessing = 0;
		};
		F9014B292D0FC57B0082F4D4 /* Sources */ = {
			isa = PBXSourcesBuildPhase;
			buildActionMask = 2147483647;
			files = (
				F9014B322D0FC57B0082F4D4 /* Dingers_PrototypeTests.swift in Sources */,
			);
			runOnlyForDeploymentPostprocessing = 0;
		};
		F9014B332D0FC57B0082F4D4 /* Sources */ = {
			isa = PBXSourcesBuildPhase;
			buildActionMask = 2147483647;
			files = (
				F9014B3E2D0FC57B0082F4D4 /* Dingers_PrototypeUITestsLaunchTests.swift in Sources */,
				F9014B3C2D0FC57B0082F4D4 /* Dingers_PrototypeUITests.swift in Sources */,
			);
			runOnlyForDeploymentPostprocessing = 0;
		};
/* End PBXSourcesBuildPhase section */

/* Begin PBXTargetDependency section */
		F9014B2F2D0FC57B0082F4D4 /* PBXTargetDependency */ = {
			isa = PBXTargetDependency;
			target = F9014B1C2D0FC57A0082F4D4 /* Dingers Prototype */;
			targetProxy = F9014B2E2D0FC57B0082F4D4 /* PBXContainerItemProxy */;
		};
		F9014B392D0FC57B0082F4D4 /* PBXTargetDependency */ = {
			isa = PBXTargetDependency;
			target = F9014B1C2D0FC57A0082F4D4 /* Dingers Prototype */;
			targetProxy = F9014B382D0FC57B0082F4D4 /* PBXContainerItemProxy */;
		};
/* End PBXTargetDependency section */

/* Begin XCBuildConfiguration section */
		F9014B3F2D0FC57B0082F4D4 /* Debug */ = {
			isa = XCBuildConfiguration;
			buildSettings = {
				ALWAYS_SEARCH_USER_PATHS = NO;
				CLANG_ANALYZER_NONNULL = YES;
				CLANG_ANALYZER_NUMBER_OBJECT_CONVERSION = YES_AGGRESSIVE;
				CLANG_CXX_LANGUAGE_STANDARD = "gnu++20";
				CLANG_ENABLE_MODULES = YES;
				CLANG_ENABLE_OBJC_ARC = YES;
				CLANG_ENABLE_OBJC_WEAK = YES;
				CLANG_WARN_BLOCK_CAPTURE_AUTORELEASING = YES;
				CLANG_WARN_BOOL_CONVERSION = YES;
				CLANG_WARN_COMMA = YES;
				CLANG_WARN_CONSTANT_CONVERSION = YES;
				CLANG_WARN_DEPRECATED_OBJC_IMPLEMENTATIONS = YES;
				CLANG_WARN_DIRECT_OBJC_ISA_USAGE = YES_ERROR;
				CLANG_WARN_DOCUMENTATION_COMMENTS = YES;
				CLANG_WARN_EMPTY_BODY = YES;
				CLANG_WARN_ENUM_CONVERSION = YES;
				CLANG_WARN_INFINITE_RECURSION = YES;
				CLANG_WARN_INT_CONVERSION = YES;
				CLANG_WARN_NON_LITERAL_NULL_CONVERSION = YES;
				CLANG_WARN_OBJC_IMPLICIT_RETAIN_SELF = YES;
				CLANG_WARN_OBJC_LITERAL_CONVERSION = YES;
				CLANG_WARN_OBJC_ROOT_CLASS = YES_ERROR;
				CLANG_WARN_QUOTED_INCLUDE_IN_FRAMEWORK_HEADER = YES;
				CLANG_WARN_RANGE_LOOP_ANALYSIS = YES;
				CLANG_WARN_STRICT_PROTOTYPES = YES;
				CLANG_WARN_SUSPICIOUS_MOVE = YES;
				CLANG_WARN_UNGUARDED_AVAILABILITY = YES_AGGRESSIVE;
				CLANG_WARN_UNREACHABLE_CODE = YES;
				CLANG_WARN__DUPLICATE_METHOD_MATCH = YES;
				COPY_PHASE_STRIP = NO;
				DEBUG_INFORMATION_FORMAT = dwarf;
				ENABLE_STRICT_OBJC_MSGSEND = YES;
				ENABLE_TESTABILITY = YES;
				ENABLE_USER_SCRIPT_SANDBOXING = YES;
				GCC_C_LANGUAGE_STANDARD = gnu11;
				GCC_DYNAMIC_NO_PIC = NO;
				GCC_NO_COMMON_BLOCKS = YES;
				GCC_OPTIMIZATION_LEVEL = 0;
				GCC_PREPROCESSOR_DEFINITIONS = (
					"DEBUG=1",
					"$(inherited)",
				);
				GCC_WARN_64_TO_32_BIT_CONVERSION = YES;
				GCC_WARN_ABOUT_RETURN_TYPE = YES_ERROR;
				GCC_WARN_UNDECLARED_SELECTOR = YES;
				GCC_WARN_UNINITIALIZED_AUTOS = YES_AGGRESSIVE;
				GCC_WARN_UNUSED_FUNCTION = YES;
				GCC_WARN_UNUSED_VARIABLE = YES;
				IPHONEOS_DEPLOYMENT_TARGET = 16.4;
				MTL_ENABLE_DEBUG_INFO = INCLUDE_SOURCE;
				MTL_FAST_MATH = YES;
				ONLY_ACTIVE_ARCH = YES;
				SDKROOT = iphoneos;
				SWIFT_ACTIVE_COMPILATION_CONDITIONS = DEBUG;
				SWIFT_OPTIMIZATION_LEVEL = "-Onone";
			};
			name = Debug;
		};
		F9014B402D0FC57B0082F4D4 /* Release */ = {
			isa = XCBuildConfiguration;
			buildSettings = {
				ALWAYS_SEARCH_USER_PATHS = NO;
				CLANG_ANALYZER_NONNULL = YES;
				CLANG_ANALYZER_NUMBER_OBJECT_CONVERSION = YES_AGGRESSIVE;
				CLANG_CXX_LANGUAGE_STANDARD = "gnu++20";
				CLANG_ENABLE_MODULES = YES;
				CLANG_ENABLE_OBJC_ARC = YES;
				CLANG_ENABLE_OBJC_WEAK = YES;
				CLANG_WARN_BLOCK_CAPTURE_AUTORELEASING = YES;
				CLANG_WARN_BOOL_CONVERSION = YES;
				CLANG_WARN_COMMA = YES;
				CLANG_WARN_CONSTANT_CONVERSION = YES;
				CLANG_WARN_DEPRECATED_OBJC_IMPLEMENTATIONS = YES;
				CLANG_WARN_DIRECT_OBJC_ISA_USAGE = YES_ERROR;
				CLANG_WARN_DOCUMENTATION_COMMENTS = YES;
				CLANG_WARN_EMPTY_BODY = YES;
				CLANG_WARN_ENUM_CONVERSION = YES;
				CLANG_WARN_INFINITE_RECURSION = YES;
				CLANG_WARN_INT_CONVERSION = YES;
				CLANG_WARN_NON_LITERAL_NULL_CONVERSION = YES;
				CLANG_WARN_OBJC_IMPLICIT_RETAIN_SELF = YES;
				CLANG_WARN_OBJC_LITERAL_CONVERSION = YES;
				CLANG_WARN_OBJC_ROOT_CLASS = YES_ERROR;
				CLANG_WARN_QUOTED_INCLUDE_IN_FRAMEWORK_HEADER = YES;
				CLANG_WARN_RANGE_LOOP_ANALYSIS = YES;
				CLANG_WARN_STRICT_PROTOTYPES = YES;
				CLANG_WARN_SUSPICIOUS_MOVE = YES;
				CLANG_WARN_UNGUARDED_AVAILABILITY = YES_AGGRESSIVE;
				CLANG_WARN_UNREACHABLE_CODE = YES;
				CLANG_WARN__DUPLICATE_METHOD_MATCH = YES;
				COPY_PHASE_STRIP = NO;
				DEBUG_INFORMATION_FORMAT = "dwarf-with-dsym";
				ENABLE_NS_ASSERTIONS = NO;
				ENABLE_STRICT_OBJC_MSGSEND = YES;
				ENABLE_USER_SCRIPT_SANDBOXING = YES;
				GCC_C_LANGUAGE_STANDARD = gnu11;
				GCC_NO_COMMON_BLOCKS = YES;
				GCC_WARN_64_TO_32_BIT_CONVERSION = YES;
				GCC_WARN_ABOUT_RETURN_TYPE = YES_ERROR;
				GCC_WARN_UNDECLARED_SELECTOR = YES;
				GCC_WARN_UNINITIALIZED_AUTOS = YES_AGGRESSIVE;
				GCC_WARN_UNUSED_FUNCTION = YES;
				GCC_WARN_UNUSED_VARIABLE = YES;
				IPHONEOS_DEPLOYMENT_TARGET = 16.4;
				MTL_ENABLE_DEBUG_INFO = NO;
				MTL_FAST_MATH = YES;
				SDKROOT = iphoneos;
				SWIFT_COMPILATION_MODE = wholemodule;
				SWIFT_OPTIMIZATION_LEVEL = "-O";
				VALIDATE_PRODUCT = YES;
			};
			name = Release;
		};
		F9014B422D0FC57B0082F4D4 /* Debug */ = {
			isa = XCBuildConfiguration;
			buildSettings = {
				ASSETCATALOG_COMPILER_APPICON_NAME = AppIcon;
				ASSETCATALOG_COMPILER_GLOBAL_ACCENT_COLOR_NAME = AccentColor;
				CODE_SIGN_STYLE = Automatic;
				CURRENT_PROJECT_VERSION = 1;
				DEVELOPMENT_ASSET_PATHS = "\"Dingers Prototype/Preview Content\"";
				DEVELOPMENT_TEAM = VDZJ9YBKM4;
				ENABLE_PREVIEWS = YES;
				GENERATE_INFOPLIST_FILE = YES;
				INFOPLIST_FILE = "Dingers-Prototype-Info.plist";
				INFOPLIST_KEY_CFBundleDisplayName = Dingers;
				INFOPLIST_KEY_NSCameraUsageDescription = "";
				INFOPLIST_KEY_NSMicrophoneUsageDescription = "";
				INFOPLIST_KEY_NSPhotoLibraryUsageDescription = "We need access to your photo library to select videos for playback.";
				INFOPLIST_KEY_UIApplicationSceneManifest_Generation = YES;
				INFOPLIST_KEY_UIApplicationSupportsIndirectInputEvents = YES;
				INFOPLIST_KEY_UILaunchScreen_Generation = YES;
				INFOPLIST_KEY_UISupportedInterfaceOrientations = "UIInterfaceOrientationLandscapeLeft UIInterfaceOrientationLandscapeRight";
				INFOPLIST_KEY_UISupportedInterfaceOrientations_iPad = "UIInterfaceOrientationLandscapeLeft UIInterfaceOrientationLandscapeRight UIInterfaceOrientationPortrait UIInterfaceOrientationPortraitUpsideDown";
				IPHONEOS_DEPLOYMENT_TARGET = 16.4;
				LD_RUNPATH_SEARCH_PATHS = (
					"$(inherited)",
					"@executable_path/Frameworks",
				);
				MARKETING_VERSION = 1.0;
				PRODUCT_BUNDLE_IDENTIFIER = Dingers;
				PRODUCT_NAME = "$(TARGET_NAME)";
				SWIFT_EMIT_LOC_STRINGS = YES;
				SWIFT_VERSION = 5.0;
				TARGETED_DEVICE_FAMILY = "1,2";
			};
			name = Debug;
		};
		F9014B432D0FC57B0082F4D4 /* Release */ = {
			isa = XCBuildConfiguration;
			buildSettings = {
				ASSETCATALOG_COMPILER_APPICON_NAME = AppIcon;
				ASSETCATALOG_COMPILER_GLOBAL_ACCENT_COLOR_NAME = AccentColor;
				CODE_SIGN_STYLE = Automatic;
				CURRENT_PROJECT_VERSION = 1;
				DEVELOPMENT_ASSET_PATHS = "\"Dingers Prototype/Preview Content\"";
				DEVELOPMENT_TEAM = VDZJ9YBKM4;
				ENABLE_PREVIEWS = YES;
				GENERATE_INFOPLIST_FILE = YES;
				INFOPLIST_FILE = "Dingers-Prototype-Info.plist";
				INFOPLIST_KEY_CFBundleDisplayName = Dingers;
				INFOPLIST_KEY_NSCameraUsageDescription = "";
				INFOPLIST_KEY_NSMicrophoneUsageDescription = "";
				INFOPLIST_KEY_NSPhotoLibraryUsageDescription = "We need access to your photo library to select videos for playback.";
				INFOPLIST_KEY_UIApplicationSceneManifest_Generation = YES;
				INFOPLIST_KEY_UIApplicationSupportsIndirectInputEvents = YES;
				INFOPLIST_KEY_UILaunchScreen_Generation = YES;
				INFOPLIST_KEY_UISupportedInterfaceOrientations = "UIInterfaceOrientationLandscapeLeft UIInterfaceOrientationLandscapeRight";
				INFOPLIST_KEY_UISupportedInterfaceOrientations_iPad = "UIInterfaceOrientationLandscapeLeft UIInterfaceOrientationLandscapeRight UIInterfaceOrientationPortrait UIInterfaceOrientationPortraitUpsideDown";
				IPHONEOS_DEPLOYMENT_TARGET = 16.4;
				LD_RUNPATH_SEARCH_PATHS = (
					"$(inherited)",
					"@executable_path/Frameworks",
				);
				MARKETING_VERSION = 1.0;
				PRODUCT_BUNDLE_IDENTIFIER = Dingers;
				PRODUCT_NAME = "$(TARGET_NAME)";
				SWIFT_EMIT_LOC_STRINGS = YES;
				SWIFT_VERSION = 5.0;
				TARGETED_DEVICE_FAMILY = "1,2";
			};
			name = Release;
		};
		F9014B452D0FC57B0082F4D4 /* Debug */ = {
			isa = XCBuildConfiguration;
			buildSettings = {
				BUNDLE_LOADER = "$(TEST_HOST)";
				CODE_SIGN_STYLE = Automatic;
				CURRENT_PROJECT_VERSION = 1;
				GENERATE_INFOPLIST_FILE = YES;
				IPHONEOS_DEPLOYMENT_TARGET = 16.4;
				MARKETING_VERSION = 1.0;
				PRODUCT_BUNDLE_IDENTIFIER = "Dingers.Dingers-PrototypeTests";
				PRODUCT_NAME = "$(TARGET_NAME)";
				SWIFT_EMIT_LOC_STRINGS = NO;
				SWIFT_VERSION = 5.0;
				TARGETED_DEVICE_FAMILY = "1,2";
				TEST_HOST = "$(BUILT_PRODUCTS_DIR)/Dingers Prototype.app/$(BUNDLE_EXECUTABLE_FOLDER_PATH)/Dingers Prototype";
			};
			name = Debug;
		};
		F9014B462D0FC57B0082F4D4 /* Release */ = {
			isa = XCBuildConfiguration;
			buildSettings = {
				BUNDLE_LOADER = "$(TEST_HOST)";
				CODE_SIGN_STYLE = Automatic;
				CURRENT_PROJECT_VERSION = 1;
				GENERATE_INFOPLIST_FILE = YES;
				IPHONEOS_DEPLOYMENT_TARGET = 16.4;
				MARKETING_VERSION = 1.0;
				PRODUCT_BUNDLE_IDENTIFIER = "Dingers.Dingers-PrototypeTests";
				PRODUCT_NAME = "$(TARGET_NAME)";
				SWIFT_EMIT_LOC_STRINGS = NO;
				SWIFT_VERSION = 5.0;
				TARGETED_DEVICE_FAMILY = "1,2";
				TEST_HOST = "$(BUILT_PRODUCTS_DIR)/Dingers Prototype.app/$(BUNDLE_EXECUTABLE_FOLDER_PATH)/Dingers Prototype";
			};
			name = Release;
		};
		F9014B482D0FC57B0082F4D4 /* Debug */ = {
			isa = XCBuildConfiguration;
			buildSettings = {
				CODE_SIGN_STYLE = Automatic;
				CURRENT_PROJECT_VERSION = 1;
				GENERATE_INFOPLIST_FILE = YES;
				MARKETING_VERSION = 1.0;
				PRODUCT_BUNDLE_IDENTIFIER = "Dingers.Dingers-PrototypeUITests";
				PRODUCT_NAME = "$(TARGET_NAME)";
				SWIFT_EMIT_LOC_STRINGS = NO;
				SWIFT_VERSION = 5.0;
				TARGETED_DEVICE_FAMILY = "1,2";
				TEST_TARGET_NAME = "Dingers Prototype";
			};
			name = Debug;
		};
		F9014B492D0FC57B0082F4D4 /* Release */ = {
			isa = XCBuildConfiguration;
			buildSettings = {
				CODE_SIGN_STYLE = Automatic;
				CURRENT_PROJECT_VERSION = 1;
				GENERATE_INFOPLIST_FILE = YES;
				MARKETING_VERSION = 1.0;
				PRODUCT_BUNDLE_IDENTIFIER = "Dingers.Dingers-PrototypeUITests";
				PRODUCT_NAME = "$(TARGET_NAME)";
				SWIFT_EMIT_LOC_STRINGS = NO;
				SWIFT_VERSION = 5.0;
				TARGETED_DEVICE_FAMILY = "1,2";
				TEST_TARGET_NAME = "Dingers Prototype";
			};
			name = Release;
		};
/* End XCBuildConfiguration section */

/* Begin XCConfigurationList section */
		F9014B182D0FC57A0082F4D4 /* Build configuration list for PBXProject "Dingers Prototype" */ = {
			isa = XCConfigurationList;
			buildConfigurations = (
				F9014B3F2D0FC57B0082F4D4 /* Debug */,
				F9014B402D0FC57B0082F4D4 /* Release */,
			);
			defaultConfigurationIsVisible = 0;
			defaultConfigurationName = Release;
		};
		F9014B412D0FC57B0082F4D4 /* Build configuration list for PBXNativeTarget "Dingers Prototype" */ = {
			isa = XCConfigurationList;
			buildConfigurations = (
				F9014B422D0FC57B0082F4D4 /* Debug */,
				F9014B432D0FC57B0082F4D4 /* Release */,
			);
			defaultConfigurationIsVisible = 0;
			defaultConfigurationName = Release;
		};
		F9014B442D0FC57B0082F4D4 /* Build configuration list for PBXNativeTarget "Dingers PrototypeTests" */ = {
			isa = XCConfigurationList;
			buildConfigurations = (
				F9014B452D0FC57B0082F4D4 /* Debug */,
				F9014B462D0FC57B0082F4D4 /* Release */,
			);
			defaultConfigurationIsVisible = 0;
			defaultConfigurationName = Release;
		};
		F9014B472D0FC57B0082F4D4 /* Build configuration list for PBXNativeTarget "Dingers PrototypeUITests" */ = {
			isa = XCConfigurationList;
			buildConfigurations = (
				F9014B482D0FC57B0082F4D4 /* Debug */,
				F9014B492D0FC57B0082F4D4 /* Release */,
			);
			defaultConfigurationIsVisible = 0;
			defaultConfigurationName = Release;
		};
/* End XCConfigurationList section */

/* Begin XCRemoteSwiftPackageReference section */
		75C2FD6D2D7BAFBB00492B45 /* XCRemoteSwiftPackageReference "FLAnimatedImage" */ = {
			isa = XCRemoteSwiftPackageReference;
			repositoryURL = "https://github.com/Flipboard/FLAnimatedImage.git";
			requirement = {
				kind = upToNextMajorVersion;
				minimumVersion = 1.0.17;
			};
		};
/* End XCRemoteSwiftPackageReference section */

/* Begin XCSwiftPackageProductDependency section */
		75C2FD6E2D7BAFE700492B45 /* FLAnimatedImage */ = {
			isa = XCSwiftPackageProductDependency;
			package = 75C2FD6D2D7BAFBB00492B45 /* XCRemoteSwiftPackageReference "FLAnimatedImage" */;
			productName = FLAnimatedImage;
		};
/* End XCSwiftPackageProductDependency section */
	};
	rootObject = F9014B152D0FC57A0082F4D4 /* Project object */;
}
